
Microsoft Visual Studio Solution File, Format Version 12.00
# Visual Studio 15
VisualStudioVersion = 15.0.28010.2046
MinimumVisualStudioVersion = 10.0.40219.1
Project("{888888A0-9F3D-457C-B088-3A5042F75D52}") = "WordFrequency", "WordFrequency.pyproj", "{ECE9BDF2-A8F5-4A62-927B-3E003C553C19}"
EndProject
Global
	GlobalSection(SolutionConfigurationPlatforms) = preSolution
		Debug|Any CPU = Debug|Any CPU
		Release|Any CPU = Release|Any CPU
	EndGlobalSection
	GlobalSection(ProjectConfigurationPlatforms) = postSolution
		{ECE9BDF2-A8F5-4A62-927B-3E003C553C19}.Debug|Any CPU.ActiveCfg = Debug|Any CPU
		{ECE9BDF2-A8F5-4A62-927B-3E003C553C19}.Release|Any CPU.ActiveCfg = Release|Any CPU
	EndGlobalSection
	GlobalSection(SolutionProperties) = preSolution
		HideSolutionNode = FALSE
	EndGlobalSection
	GlobalSection(ExtensibilityGlobals) = postSolution
		SolutionGuid = {1D4A3AB1-5E2D-4522-86F6-F47B7170BC1C}
	EndGlobalSection
EndGlobal
